
Microsoft Visual Studio Solution File, Format Version 12.00
# Visual Studio Version 16
VisualStudioVersion = 16.0.29209.62
MinimumVisualStudioVersion = 10.0.40219.1
Project("{FAE04EC0-301F-11D3-BF4B-00C04F79EFBC}") = "AccesingDBPorject", "AccesingDBPorject.csproj", "{A2992759-2E33-45FE-9B39-9854D926DD40}"
EndProject
Global
	GlobalSection(SolutionConfigurationPlatforms) = preSolution
		Debug|Any CPU = Debug|Any CPU
		Release|Any CPU = Release|Any CPU
	EndGlobalSection
	GlobalSection(ProjectConfigurationPlatforms) = postSolution
		{A2992759-2E33-45FE-9B39-9854D926DD40}.Debug|Any CPU.ActiveCfg = Debug|Any CPU
		{A2992759-2E33-45FE-9B39-9854D926DD40}.Debug|Any CPU.Build.0 = Debug|Any CPU
		{A2992759-2E33-45FE-9B39-9854D926DD40}.Release|Any CPU.ActiveCfg = Release|Any CPU
		{A2992759-2E33-45FE-9B39-9854D926DD40}.Release|Any CPU.Build.0 = Release|Any CPU
	EndGlobalSection
	GlobalSection(SolutionProperties) = preSolution
		HideSolutionNode = FALSE
	EndGlobalSection
	GlobalSection(ExtensibilityGlobals) = postSolution
		SolutionGuid = {1892CAB4-3CA7-4DD8-8B32-1FD4B26CFE3F}
	EndGlobalSection
EndGlobal
